
Microsoft Visual Studio Solution File, Format Version 12.00
# Visual Studio Version 17
VisualStudioVersion = 17.4.33213.308
MinimumVisualStudioVersion = 10.0.40219.1
Project("{FAE04EC0-301F-11D3-BF4B-00C04F79EFBC}") = "MiniSumo", "MiniSumo\MiniSumo.csproj", "{9DDD202A-BBCB-480F-BA19-FDDA2F6F4B51}"
EndProject
Global
	GlobalSection(SolutionConfigurationPlatforms) = preSolution
		Debug|Any CPU = Debug|Any CPU
		Release|Any CPU = Release|Any CPU
	EndGlobalSection
	GlobalSection(ProjectConfigurationPlatforms) = postSolution
		{9DDD202A-BBCB-480F-BA19-FDDA2F6F4B51}.Debug|Any CPU.ActiveCfg = Debug|Any CPU
		{9DDD202A-BBCB-480F-BA19-FDDA2F6F4B51}.Debug|Any CPU.Build.0 = Debug|Any CPU
		{9DDD202A-BBCB-480F-BA19-FDDA2F6F4B51}.Release|Any CPU.ActiveCfg = Release|Any CPU
		{9DDD202A-BBCB-480F-BA19-FDDA2F6F4B51}.Release|Any CPU.Build.0 = Release|Any CPU
	EndGlobalSection
	GlobalSection(SolutionProperties) = preSolution
		HideSolutionNode = FALSE
	EndGlobalSection
	GlobalSection(ExtensibilityGlobals) = postSolution
		SolutionGuid = {53D4D423-88AA-4666-BD61-B99E4E2B6F5A}
	EndGlobalSection
EndGlobal
